// !$*UTF8*$!
{
	archiveVersion = 1;
	classes = {
	};
	objectVersion = 77;
	objects = {

/* Begin PBXContainerItemProxy section */
		5707A8C32E00270B006F2F17 /* PBXContainerItemProxy */ = {
			isa = PBXContainerItemProxy;
			containerPortal = 572929FC2DEB9E3A0066354F /* Project object */;
			proxyType = 1;
			remoteGlobalIDString = 57292A032DEB9E3A0066354F;
			remoteInfo = YeniParaMobile;
		};
		5707A8D52E002764006F2F17 /* PBXContainerItemProxy */ = {
			isa = PBXContainerItemProxy;
			containerPortal = 572929FC2DEB9E3A0066354F /* Project object */;
			proxyType = 1;
			remoteGlobalIDString = 57292A032DEB9E3A0066354F;
			remoteInfo = YeniParaMobile;
		};
/* End PBXContainerItemProxy section */

/* Begin PBXFileReference section */
		5707A8BF2E00270B006F2F17 /* YeniParaMobileTests.xctest */ = {isa = PBXFileReference; explicitFileType = wrapper.cfbundle; includeInIndex = 0; path = YeniParaMobileTests.xctest; sourceTree = BUILT_PRODUCTS_DIR; };
		5707A8D12E002764006F2F17 /* YeniParaMobileTests1.xctest */ = {isa = PBXFileReference; explicitFileType = wrapper.cfbundle; includeInIndex = 0; path = YeniParaMobileTests1.xctest; sourceTree = BUILT_PRODUCTS_DIR; };
		57292A042DEB9E3A0066354F /* YeniParaMobile.app */ = {isa = PBXFileReference; explicitFileType = wrapper.application; includeInIndex = 0; path = YeniParaMobile.app; sourceTree = BUILT_PRODUCTS_DIR; };
/* End PBXFileReference section */

/* Begin PBXFileSystemSynchronizedBuildFileExceptionSet section */
		5707A8DA2E00276D006F2F17 /* Exceptions for "YeniParaMobileTests" folder in "YeniParaMobile" target */ = {
			isa = PBXFileSystemSynchronizedBuildFileExceptionSet;
			membershipExceptions = (
				YeniParaMobileTests1.swift,
			);
			target = 57292A032DEB9E3A0066354F /* YeniParaMobile */;
		};
		5707A8DB2E00276D006F2F17 /* Exceptions for "YeniParaMobileTests" folder in "YeniParaMobileTests1" target */ = {
			isa = PBXFileSystemSynchronizedBuildFileExceptionSet;
			membershipExceptions = (
				YeniParaMobileTests1.swift,
			);
			target = 5707A8D02E002764006F2F17 /* YeniParaMobileTests1 */;
		};
		57B5DF102DEBA1D3007E3DED /* Exceptions for "YeniParaMobile" folder in "YeniParaMobile" target */ = {
			isa = PBXFileSystemSynchronizedBuildFileExceptionSet;
			membershipExceptions = (
				Info.plist,
			);
			target = 57292A032DEB9E3A0066354F /* YeniParaMobile */;
		};
/* End PBXFileSystemSynchronizedBuildFileExceptionSet section */

/* Begin PBXFileSystemSynchronizedRootGroup section */
		5707A8CC2E00274D006F2F17 /* YeniParaMobileTests */ = {
			isa = PBXFileSystemSynchronizedRootGroup;
			exceptions = (
				5707A8DA2E00276D006F2F17 /* Exceptions for "YeniParaMobileTests" folder in "YeniParaMobile" target */,
				5707A8DB2E00276D006F2F17 /* Exceptions for "YeniParaMobileTests" folder in "YeniParaMobileTests1" target */,
			);
			path = YeniParaMobileTests;
			sourceTree = "<group>";
		};
		57292A062DEB9E3A0066354F /* YeniParaMobile */ = {
			isa = PBXFileSystemSynchronizedRootGroup;
			exceptions = (
				57B5DF102DEBA1D3007E3DED /* Exceptions for "YeniParaMobile" folder in "YeniParaMobile" target */,
			);
			path = YeniParaMobile;
			sourceTree = "<group>";
		};
/* End PBXFileSystemSynchronizedRootGroup section */

/* Begin PBXFrameworksBuildPhase section */
		5707A8BC2E00270B006F2F17 /* Frameworks */ = {
			isa = PBXFrameworksBuildPhase;
			buildActionMask = 2147483647;
			files = (
			);
			runOnlyForDeploymentPostprocessing = 0;
		};
		5707A8CE2E002764006F2F17 /* Frameworks */ = {
			isa = PBXFrameworksBuildPhase;
			buildActionMask = 2147483647;
			files = (
			);
			runOnlyForDeploymentPostprocessing = 0;
		};
		57292A012DEB9E3A0066354F /* Frameworks */ = {
			isa = PBXFrameworksBuildPhase;
			buildActionMask = 2147483647;
			files = (
			);
			runOnlyForDeploymentPostprocessing = 0;
		};
/* End PBXFrameworksBuildPhase section */

/* Begin PBXGroup section */
		572929FB2DEB9E3A0066354F = {
			isa = PBXGroup;
			children = (
				5707A8CC2E00274D006F2F17 /* YeniParaMobileTests */,
				57292A062DEB9E3A0066354F /* YeniParaMobile */,
				57292A052DEB9E3A0066354F /* Products */,
			);
			sourceTree = "<group>";
		};
		57292A052DEB9E3A0066354F /* Products */ = {
			isa = PBXGroup;
			children = (
				57292A042DEB9E3A0066354F /* YeniParaMobile.app */,
				5707A8BF2E00270B006F2F17 /* YeniParaMobileTests.xctest */,
				5707A8D12E002764006F2F17 /* YeniParaMobileTests1.xctest */,
			);
			name = Products;
			sourceTree = "<group>";
		};
/* End PBXGroup section */

/* Begin PBXNativeTarget section */
		5707A8BE2E00270B006F2F17 /* YeniParaMobileTests */ = {
			isa = PBXNativeTarget;
			buildConfigurationList = 5707A8C52E00270B006F2F17 /* Build configuration list for PBXNativeTarget "YeniParaMobileTests" */;
			buildPhases = (
				5707A8BB2E00270B006F2F17 /* Sources */,
				5707A8BC2E00270B006F2F17 /* Frameworks */,
				5707A8BD2E00270B006F2F17 /* Resources */,
			);
			buildRules = (
			);
			dependencies = (
				5707A8C42E00270B006F2F17 /* PBXTargetDependency */,
			);
			name = YeniParaMobileTests;
			packageProductDependencies = (
			);
			productName = YeniParaMobileTests;
			productReference = 5707A8BF2E00270B006F2F17 /* YeniParaMobileTests.xctest */;
			productType = "com.apple.product-type.bundle.unit-test";
		};
		5707A8D02E002764006F2F17 /* YeniParaMobileTests1 */ = {
			isa = PBXNativeTarget;
			buildConfigurationList = 5707A8D72E002764006F2F17 /* Build configuration list for PBXNativeTarget "YeniParaMobileTests1" */;
			buildPhases = (
				5707A8CD2E002764006F2F17 /* Sources */,
				5707A8CE2E002764006F2F17 /* Frameworks */,
				5707A8CF2E002764006F2F17 /* Resources */,
			);
			buildRules = (
			);
			dependencies = (
				5707A8D62E002764006F2F17 /* PBXTargetDependency */,
			);
			name = YeniParaMobileTests1;
			packageProductDependencies = (
			);
			productName = YeniParaMobileTests1;
			productReference = 5707A8D12E002764006F2F17 /* YeniParaMobileTests1.xctest */;
			productType = "com.apple.product-type.bundle.unit-test";
		};
		57292A032DEB9E3A0066354F /* YeniParaMobile */ = {
			isa = PBXNativeTarget;
			buildConfigurationList = 57292A0F2DEB9E3C0066354F /* Build configuration list for PBXNativeTarget "YeniParaMobile" */;
			buildPhases = (
				57292A002DEB9E3A0066354F /* Sources */,
				57292A012DEB9E3A0066354F /* Frameworks */,
				57292A022DEB9E3A0066354F /* Resources */,
			);
			buildRules = (
			);
			dependencies = (
			);
			fileSystemSynchronizedGroups = (
				5707A8CC2E00274D006F2F17 /* YeniParaMobileTests */,
				57292A062DEB9E3A0066354F /* YeniParaMobile */,
			);
			name = YeniParaMobile;
			packageProductDependencies = (
			);
			productName = YeniParaMobile;
			productReference = 57292A042DEB9E3A0066354F /* YeniParaMobile.app */;
			productType = "com.apple.product-type.application";
		};
/* End PBXNativeTarget section */

/* Begin PBXProject section */
		572929FC2DEB9E3A0066354F /* Project object */ = {
			isa = PBXProject;
			attributes = {
				BuildIndependentTargetsInParallel = 1;
				LastSwiftUpdateCheck = 1630;
				LastUpgradeCheck = 1630;
				TargetAttributes = {
					5707A8BE2E00270B006F2F17 = {
						CreatedOnToolsVersion = 16.3;
						TestTargetID = 57292A032DEB9E3A0066354F;
					};
					5707A8D02E002764006F2F17 = {
						CreatedOnToolsVersion = 16.3;
						TestTargetID = 57292A032DEB9E3A0066354F;
					};
					57292A032DEB9E3A0066354F = {
						CreatedOnToolsVersion = 16.3;
					};
				};
			};
			buildConfigurationList = 572929FF2DEB9E3A0066354F /* Build configuration list for PBXProject "YeniParaMobile" */;
			developmentRegion = en;
			hasScannedForEncodings = 0;
			knownRegions = (
				en,
				Base,
			);
			mainGroup = 572929FB2DEB9E3A0066354F;
			minimizedProjectReferenceProxies = 1;
			packageReferences = (
			);
			preferredProjectObjectVersion = 77;
			productRefGroup = 57292A052DEB9E3A0066354F /* Products */;
			projectDirPath = "";
			projectRoot = "";
			targets = (
				57292A032DEB9E3A0066354F /* YeniParaMobile */,
				5707A8BE2E00270B006F2F17 /* YeniParaMobileTests */,
				5707A8D02E002764006F2F17 /* YeniParaMobileTests1 */,
			);
		};
/* End PBXProject section */

/* Begin PBXResourcesBuildPhase section */
		5707A8BD2E00270B006F2F17 /* Resources */ = {
			isa = PBXResourcesBuildPhase;
			buildActionMask = 2147483647;
			files = (
			);
			runOnlyForDeploymentPostprocessing = 0;
		};
		5707A8CF2E002764006F2F17 /* Resources */ = {
			isa = PBXResourcesBuildPhase;
			buildActionMask = 2147483647;
			files = (
			);
			runOnlyForDeploymentPostprocessing = 0;
		};
		57292A022DEB9E3A0066354F /* Resources */ = {
			isa = PBXResourcesBuildPhase;
			buildActionMask = 2147483647;
			files = (
			);
			runOnlyForDeploymentPostprocessing = 0;
		};
/* End PBXResourcesBuildPhase section */

/* Begin PBXSourcesBuildPhase section */
		5707A8BB2E00270B006F2F17 /* Sources */ = {
			isa = PBXSourcesBuildPhase;
			buildActionMask = 2147483647;
			files = (
			);
			runOnlyForDeploymentPostprocessing = 0;
		};
		5707A8CD2E002764006F2F17 /* Sources */ = {
			isa = PBXSourcesBuildPhase;
			buildActionMask = 2147483647;
			files = (
			);
			runOnlyForDeploymentPostprocessing = 0;
		};
		57292A002DEB9E3A0066354F /* Sources */ = {
			isa = PBXSourcesBuildPhase;
			buildActionMask = 2147483647;
			files = (
			);
			runOnlyForDeploymentPostprocessing = 0;
		};
/* End PBXSourcesBuildPhase section */

/* Begin PBXTargetDependency section */
		5707A8C42E00270B006F2F17 /* PBXTargetDependency */ = {
			isa = PBXTargetDependency;
			target = 57292A032DEB9E3A0066354F /* YeniParaMobile */;
			targetProxy = 5707A8C32E00270B006F2F17 /* PBXContainerItemProxy */;
		};
		5707A8D62E002764006F2F17 /* PBXTargetDependency */ = {
			isa = PBXTargetDependency;
			target = 57292A032DEB9E3A0066354F /* YeniParaMobile */;
			targetProxy = 5707A8D52E002764006F2F17 /* PBXContainerItemProxy */;
		};
/* End PBXTargetDependency section */

/* Begin XCBuildConfiguration section */
		5707A8C62E00270B006F2F17 /* Debug */ = {
			isa = XCBuildConfiguration;
			buildSettings = {
				BUNDLE_LOADER = "$(TEST_HOST)";
				CODE_SIGN_STYLE = Automatic;
				CURRENT_PROJECT_VERSION = 1;
				GENERATE_INFOPLIST_FILE = YES;
				MARKETING_VERSION = 1.0;
				PRODUCT_BUNDLE_IDENTIFIER = com.yeni.para.YeniParaMobileTests;
				PRODUCT_NAME = "$(TARGET_NAME)";
				SWIFT_EMIT_LOC_STRINGS = NO;
				SWIFT_VERSION = 5.0;
				TARGETED_DEVICE_FAMILY = "1,2";
				TEST_HOST = "$(BUILT_PRODUCTS_DIR)/YeniParaMobile.app/$(BUNDLE_EXECUTABLE_FOLDER_PATH)/YeniParaMobile";
			};
			name = Debug;
		};
		5707A8C72E00270B006F2F17 /* Release */ = {
			isa = XCBuildConfiguration;
			buildSettings = {
				BUNDLE_LOADER = "$(TEST_HOST)";
				CODE_SIGN_STYLE = Automatic;
				CURRENT_PROJECT_VERSION = 1;
				GENERATE_INFOPLIST_FILE = YES;
				MARKETING_VERSION = 1.0;
				PRODUCT_BUNDLE_IDENTIFIER = com.yeni.para.YeniParaMobileTests;
				PRODUCT_NAME = "$(TARGET_NAME)";
				SWIFT_EMIT_LOC_STRINGS = NO;
				SWIFT_VERSION = 5.0;
				TARGETED_DEVICE_FAMILY = "1,2";
				TEST_HOST = "$(BUILT_PRODUCTS_DIR)/YeniParaMobile.app/$(BUNDLE_EXECUTABLE_FOLDER_PATH)/YeniParaMobile";
			};
			name = Release;
		};
		5707A8D82E002764006F2F17 /* Debug */ = {
			isa = XCBuildConfiguration;
			buildSettings = {
				BUNDLE_LOADER = "$(TEST_HOST)";
				CODE_SIGN_STYLE = Automatic;
				CURRENT_PROJECT_VERSION = 1;
				GENERATE_INFOPLIST_FILE = YES;
				MARKETING_VERSION = 1.0;
				PRODUCT_BUNDLE_IDENTIFIER = com.yeni.para.YeniParaMobileTests1;
				PRODUCT_NAME = "$(TARGET_NAME)";
				SWIFT_EMIT_LOC_STRINGS = NO;
				SWIFT_VERSION = 5.0;
				TARGETED_DEVICE_FAMILY = "1,2";
				TEST_HOST = "$(BUILT_PRODUCTS_DIR)/YeniParaMobile.app/$(BUNDLE_EXECUTABLE_FOLDER_PATH)/YeniParaMobile";
			};
			name = Debug;
		};
		5707A8D92E002764006F2F17 /* Release */ = {
			isa = XCBuildConfiguration;
			buildSettings = {
				BUNDLE_LOADER = "$(TEST_HOST)";
				CODE_SIGN_STYLE = Automatic;
				CURRENT_PROJECT_VERSION = 1;
				GENERATE_INFOPLIST_FILE = YES;
				MARKETING_VERSION = 1.0;
				PRODUCT_BUNDLE_IDENTIFIER = com.yeni.para.YeniParaMobileTests1;
				PRODUCT_NAME = "$(TARGET_NAME)";
				SWIFT_EMIT_LOC_STRINGS = NO;
				SWIFT_VERSION = 5.0;
				TARGETED_DEVICE_FAMILY = "1,2";
				TEST_HOST = "$(BUILT_PRODUCTS_DIR)/YeniParaMobile.app/$(BUNDLE_EXECUTABLE_FOLDER_PATH)/YeniParaMobile";
			};
			name = Release;
		};
		57292A0D2DEB9E3C0066354F /* Debug */ = {
			isa = XCBuildConfiguration;
			buildSettings = {
				ALWAYS_SEARCH_USER_PATHS = NO;
				ASSETCATALOG_COMPILER_GENERATE_SWIFT_ASSET_SYMBOL_EXTENSIONS = YES;
				CLANG_ANALYZER_NONNULL = YES;
				CLANG_ANALYZER_NUMBER_OBJECT_CONVERSION = YES_AGGRESSIVE;
				CLANG_CXX_LANGUAGE_STANDARD = "gnu++20";
				CLANG_ENABLE_MODULES = YES;
				CLANG_ENABLE_OBJC_ARC = YES;
				CLANG_ENABLE_OBJC_WEAK = YES;
				CLANG_WARN_BLOCK_CAPTURE_AUTORELEASING = YES;
				CLANG_WARN_BOOL_CONVERSION = YES;
				CLANG_WARN_COMMA = YES;
				CLANG_WARN_CONSTANT_CONVERSION = YES;
				CLANG_WARN_DEPRECATED_OBJC_IMPLEMENTATIONS = YES;
				CLANG_WARN_DIRECT_OBJC_ISA_USAGE = YES_ERROR;
				CLANG_WARN_DOCUMENTATION_COMMENTS = YES;
				CLANG_WARN_EMPTY_BODY = YES;
				CLANG_WARN_ENUM_CONVERSION = YES;
				CLANG_WARN_INFINITE_RECURSION = YES;
				CLANG_WARN_INT_CONVERSION = YES;
				CLANG_WARN_NON_LITERAL_NULL_CONVERSION = YES;
				CLANG_WARN_OBJC_IMPLICIT_RETAIN_SELF = YES;
				CLANG_WARN_OBJC_LITERAL_CONVERSION = YES;
				CLANG_WARN_OBJC_ROOT_CLASS = YES_ERROR;
				CLANG_WARN_QUOTED_INCLUDE_IN_FRAMEWORK_HEADER = YES;
				CLANG_WARN_RANGE_LOOP_ANALYSIS = YES;
				CLANG_WARN_STRICT_PROTOTYPES = YES;
				CLANG_WARN_SUSPICIOUS_MOVE = YES;
				CLANG_WARN_UNGUARDED_AVAILABILITY = YES_AGGRESSIVE;
				CLANG_WARN_UNREACHABLE_CODE = YES;
				CLANG_WARN__DUPLICATE_METHOD_MATCH = YES;
				COPY_PHASE_STRIP = NO;
				DEBUG_INFORMATION_FORMAT = dwarf;
				ENABLE_STRICT_OBJC_MSGSEND = YES;
				ENABLE_TESTABILITY = YES;
				ENABLE_USER_SCRIPT_SANDBOXING = YES;
				GCC_C_LANGUAGE_STANDARD = gnu17;
				GCC_DYNAMIC_NO_PIC = NO;
				GCC_NO_COMMON_BLOCKS = YES;
				GCC_OPTIMIZATION_LEVEL = 0;
				GCC_PREPROCESSOR_DEFINITIONS = (
					"DEBUG=1",
					"$(inherited)",
				);
				GCC_WARN_64_TO_32_BIT_CONVERSION = YES;
				GCC_WARN_ABOUT_RETURN_TYPE = YES_ERROR;
				GCC_WARN_UNDECLARED_SELECTOR = YES;
				GCC_WARN_UNINITIALIZED_AUTOS = YES_AGGRESSIVE;
				GCC_WARN_UNUSED_FUNCTION = YES;
				GCC_WARN_UNUSED_VARIABLE = YES;
				IPHONEOS_DEPLOYMENT_TARGET = 18.4;
				LOCALIZATION_PREFERS_STRING_CATALOGS = YES;
				MTL_ENABLE_DEBUG_INFO = INCLUDE_SOURCE;
				MTL_FAST_MATH = YES;
				ONLY_ACTIVE_ARCH = YES;
				SDKROOT = iphoneos;
				SWIFT_ACTIVE_COMPILATION_CONDITIONS = "DEBUG $(inherited)";
				SWIFT_OPTIMIZATION_LEVEL = "-Onone";
			};
			name = Debug;
		};
		57292A0E2DEB9E3C0066354F /* Release */ = {
			isa = XCBuildConfiguration;
			buildSettings = {
				ALWAYS_SEARCH_USER_PATHS = NO;
				ASSETCATALOG_COMPILER_GENERATE_SWIFT_ASSET_SYMBOL_EXTENSIONS = YES;
				CLANG_ANALYZER_NONNULL = YES;
				CLANG_ANALYZER_NUMBER_OBJECT_CONVERSION = YES_AGGRESSIVE;
				CLANG_CXX_LANGUAGE_STANDARD = "gnu++20";
				CLANG_ENABLE_MODULES = YES;
				CLANG_ENABLE_OBJC_ARC = YES;
				CLANG_ENABLE_OBJC_WEAK = YES;
				CLANG_WARN_BLOCK_CAPTURE_AUTORELEASING = YES;
				CLANG_WARN_BOOL_CONVERSION = YES;
				CLANG_WARN_COMMA = YES;
				CLANG_WARN_CONSTANT_CONVERSION = YES;
				CLANG_WARN_DEPRECATED_OBJC_IMPLEMENTATIONS = YES;
				CLANG_WARN_DIRECT_OBJC_ISA_USAGE = YES_ERROR;
				CLANG_WARN_DOCUMENTATION_COMMENTS = YES;
				CLANG_WARN_EMPTY_BODY = YES;
				CLANG_WARN_ENUM_CONVERSION = YES;
				CLANG_WARN_INFINITE_RECURSION = YES;
				CLANG_WARN_INT_CONVERSION = YES;
				CLANG_WARN_NON_LITERAL_NULL_CONVERSION = YES;
				CLANG_WARN_OBJC_IMPLICIT_RETAIN_SELF = YES;
				CLANG_WARN_OBJC_LITERAL_CONVERSION = YES;
				CLANG_WARN_OBJC_ROOT_CLASS = YES_ERROR;
				CLANG_WARN_QUOTED_INCLUDE_IN_FRAMEWORK_HEADER = YES;
				CLANG_WARN_RANGE_LOOP_ANALYSIS = YES;
				CLANG_WARN_STRICT_PROTOTYPES = YES;
				CLANG_WARN_SUSPICIOUS_MOVE = YES;
				CLANG_WARN_UNGUARDED_AVAILABILITY = YES_AGGRESSIVE;
				CLANG_WARN_UNREACHABLE_CODE = YES;
				CLANG_WARN__DUPLICATE_METHOD_MATCH = YES;
				COPY_PHASE_STRIP = NO;
				DEBUG_INFORMATION_FORMAT = "dwarf-with-dsym";
				ENABLE_NS_ASSERTIONS = NO;
				ENABLE_STRICT_OBJC_MSGSEND = YES;
				ENABLE_USER_SCRIPT_SANDBOXING = YES;
				GCC_C_LANGUAGE_STANDARD = gnu17;
				GCC_NO_COMMON_BLOCKS = YES;
				GCC_WARN_64_TO_32_BIT_CONVERSION = YES;
				GCC_WARN_ABOUT_RETURN_TYPE = YES_ERROR;
				GCC_WARN_UNDECLARED_SELECTOR = YES;
				GCC_WARN_UNINITIALIZED_AUTOS = YES_AGGRESSIVE;
				GCC_WARN_UNUSED_FUNCTION = YES;
				GCC_WARN_UNUSED_VARIABLE = YES;
				IPHONEOS_DEPLOYMENT_TARGET = 18.4;
				LOCALIZATION_PREFERS_STRING_CATALOGS = YES;
				MTL_ENABLE_DEBUG_INFO = NO;
				MTL_FAST_MATH = YES;
				SDKROOT = iphoneos;
				SWIFT_COMPILATION_MODE = wholemodule;
				VALIDATE_PRODUCT = YES;
			};
			name = Release;
		};
		57292A102DEB9E3C0066354F /* Debug */ = {
			isa = XCBuildConfiguration;
			buildSettings = {
				ASSETCATALOG_COMPILER_APPICON_NAME = AppIcon;
				ASSETCATALOG_COMPILER_GLOBAL_ACCENT_COLOR_NAME = AccentColor;
				CODE_SIGN_STYLE = Automatic;
				CURRENT_PROJECT_VERSION = 1;
				DEVELOPMENT_TEAM = 78K43KK246;
				ENABLE_PREVIEWS = YES;
				GENERATE_INFOPLIST_FILE = YES;
				INFOPLIST_FILE = YeniParaMobile/Info.plist;
				INFOPLIST_KEY_NSLocalNetworkUsageDescription = "Uygulama yerel sunucudan veri çekebilmek için yerel ağa bağlanır.";
				INFOPLIST_KEY_UIApplicationSceneManifest_Generation = YES;
				INFOPLIST_KEY_UIApplicationSupportsIndirectInputEvents = YES;
				INFOPLIST_KEY_UIStatusBarStyle = "";
				INFOPLIST_KEY_UISupportedInterfaceOrientations_iPad = "UIInterfaceOrientationPortrait UIInterfaceOrientationPortraitUpsideDown UIInterfaceOrientationLandscapeLeft UIInterfaceOrientationLandscapeRight";
				INFOPLIST_KEY_UISupportedInterfaceOrientations_iPhone = "UIInterfaceOrientationPortrait UIInterfaceOrientationLandscapeLeft UIInterfaceOrientationLandscapeRight";
				LD_RUNPATH_SEARCH_PATHS = (
					"$(inherited)",
					"@executable_path/Frameworks",
				);
				MARKETING_VERSION = 1.0;
				PRODUCT_BUNDLE_IDENTIFIER = com.yeni.para.YeniParaMobile;
				PRODUCT_NAME = "$(TARGET_NAME)";
				SWIFT_EMIT_LOC_STRINGS = YES;
				SWIFT_VERSION = 5.0;
				TARGETED_DEVICE_FAMILY = "1,2";
			};
			name = Debug;
		};
		57292A112DEB9E3C0066354F /* Release */ = {
			isa = XCBuildConfiguration;
			buildSettings = {
				ASSETCATALOG_COMPILER_APPICON_NAME = AppIcon;
				ASSETCATALOG_COMPILER_GLOBAL_ACCENT_COLOR_NAME = AccentColor;
				CODE_SIGN_STYLE = Automatic;
				CURRENT_PROJECT_VERSION = 1;
				DEVELOPMENT_TEAM = 78K43KK246;
				ENABLE_PREVIEWS = YES;
				GENERATE_INFOPLIST_FILE = YES;
				INFOPLIST_FILE = YeniParaMobile/Info.plist;
				INFOPLIST_KEY_NSLocalNetworkUsageDescription = "Uygulama yerel sunucudan veri çekebilmek için yerel ağa bağlanır.";
				INFOPLIST_KEY_UIApplicationSceneManifest_Generation = YES;
				INFOPLIST_KEY_UIApplicationSupportsIndirectInputEvents = YES;
				INFOPLIST_KEY_UIStatusBarStyle = "";
				INFOPLIST_KEY_UISupportedInterfaceOrientations_iPad = "UIInterfaceOrientationPortrait UIInterfaceOrientationPortraitUpsideDown UIInterfaceOrientationLandscapeLeft UIInterfaceOrientationLandscapeRight";
				INFOPLIST_KEY_UISupportedInterfaceOrientations_iPhone = "UIInterfaceOrientationPortrait UIInterfaceOrientationLandscapeLeft UIInterfaceOrientationLandscapeRight";
				LD_RUNPATH_SEARCH_PATHS = (
					"$(inherited)",
					"@executable_path/Frameworks",
				);
				MARKETING_VERSION = 1.0;
				PRODUCT_BUNDLE_IDENTIFIER = com.yeni.para.YeniParaMobile;
				PRODUCT_NAME = "$(TARGET_NAME)";
				SWIFT_EMIT_LOC_STRINGS = YES;
				SWIFT_VERSION = 5.0;
				TARGETED_DEVICE_FAMILY = "1,2";
			};
			name = Release;
		};
/* End XCBuildConfiguration section */

/* Begin XCConfigurationList section */
		5707A8C52E00270B006F2F17 /* Build configuration list for PBXNativeTarget "YeniParaMobileTests" */ = {
			isa = XCConfigurationList;
			buildConfigurations = (
				5707A8C62E00270B006F2F17 /* Debug */,
				5707A8C72E00270B006F2F17 /* Release */,
			);
			defaultConfigurationIsVisible = 0;
			defaultConfigurationName = Release;
		};
		5707A8D72E002764006F2F17 /* Build configuration list for PBXNativeTarget "YeniParaMobileTests1" */ = {
			isa = XCConfigurationList;
			buildConfigurations = (
				5707A8D82E002764006F2F17 /* Debug */,
				5707A8D92E002764006F2F17 /* Release */,
			);
			defaultConfigurationIsVisible = 0;
			defaultConfigurationName = Release;
		};
		572929FF2DEB9E3A0066354F /* Build configuration list for PBXProject "YeniParaMobile" */ = {
			isa = XCConfigurationList;
			buildConfigurations = (
				57292A0D2DEB9E3C0066354F /* Debug */,
				57292A0E2DEB9E3C0066354F /* Release */,
			);
			defaultConfigurationIsVisible = 0;
			defaultConfigurationName = Release;
		};
		57292A0F2DEB9E3C0066354F /* Build configuration list for PBXNativeTarget "YeniParaMobile" */ = {
			isa = XCConfigurationList;
			buildConfigurations = (
				57292A102DEB9E3C0066354F /* Debug */,
				57292A112DEB9E3C0066354F /* Release */,
			);
			defaultConfigurationIsVisible = 0;
			defaultConfigurationName = Release;
		};
/* End XCConfigurationList section */
	};
	rootObject = 572929FC2DEB9E3A0066354F /* Project object */;
}
